
Microsoft Visual Studio Solution File, Format Version 12.00
# Visual Studio Version 17
VisualStudioVersion = 17.6.33815.320
MinimumVisualStudioVersion = 10.0.40219.1
Project("{9A19103F-16F7-4668-BE54-9A1E7A4F7556}") = "BulkyBookWeb", "BulkyWeb\BulkyBookWeb.csproj", "{D61793B8-705C-430B-ADF7-FBB3F7AF19B2}"
EndProject
Project("{9A19103F-16F7-4668-BE54-9A1E7A4F7556}") = "BulkyBook.DataAccess", "Bulky.DataAccess\BulkyBook.DataAccess.csproj", "{2C000B3B-336B-441B-902B-8FAB4A30218A}"
EndProject
Project("{9A19103F-16F7-4668-BE54-9A1E7A4F7556}") = "BulkyBook.Models", "Bulky.Models\BulkyBook.Models.csproj", "{5887DC46-B441-4227-A9FC-7400293E46BB}"
EndProject
Project("{9A19103F-16F7-4668-BE54-9A1E7A4F7556}") = "BulkyBook.Utility", "Bulky.Utility\BulkyBook.Utility.csproj", "{828A7260-6811-41FF-B96D-1BD22AFE52C5}"
EndProject
Global
	GlobalSection(SolutionConfigurationPlatforms) = preSolution
		Debug|Any CPU = Debug|Any CPU
		Release|Any CPU = Release|Any CPU
	EndGlobalSection
	GlobalSection(ProjectConfigurationPlatforms) = postSolution
		{D61793B8-705C-430B-ADF7-FBB3F7AF19B2}.Debug|Any CPU.ActiveCfg = Debug|Any CPU
		{D61793B8-705C-430B-ADF7-FBB3F7AF19B2}.Debug|Any CPU.Build.0 = Debug|Any CPU
		{D61793B8-705C-430B-ADF7-FBB3F7AF19B2}.Release|Any CPU.ActiveCfg = Release|Any CPU
		{D61793B8-705C-430B-ADF7-FBB3F7AF19B2}.Release|Any CPU.Build.0 = Release|Any CPU
		{2C000B3B-336B-441B-902B-8FAB4A30218A}.Debug|Any CPU.ActiveCfg = Debug|Any CPU
		{2C000B3B-336B-441B-902B-8FAB4A30218A}.Debug|Any CPU.Build.0 = Debug|Any CPU
		{2C000B3B-336B-441B-902B-8FAB4A30218A}.Release|Any CPU.ActiveCfg = Release|Any CPU
		{2C000B3B-336B-441B-902B-8FAB4A30218A}.Release|Any CPU.Build.0 = Release|Any CPU
		{5887DC46-B441-4227-A9FC-7400293E46BB}.Debug|Any CPU.ActiveCfg = Debug|Any CPU
		{5887DC46-B441-4227-A9FC-7400293E46BB}.Debug|Any CPU.Build.0 = Debug|Any CPU
		{5887DC46-B441-4227-A9FC-7400293E46BB}.Release|Any CPU.ActiveCfg = Release|Any CPU
		{5887DC46-B441-4227-A9FC-7400293E46BB}.Release|Any CPU.Build.0 = Release|Any CPU
		{828A7260-6811-41FF-B96D-1BD22AFE52C5}.Debug|Any CPU.ActiveCfg = Debug|Any CPU
		{828A7260-6811-41FF-B96D-1BD22AFE52C5}.Debug|Any CPU.Build.0 = Debug|Any CPU
		{828A7260-6811-41FF-B96D-1BD22AFE52C5}.Release|Any CPU.ActiveCfg = Release|Any CPU
		{828A7260-6811-41FF-B96D-1BD22AFE52C5}.Release|Any CPU.Build.0 = Release|Any CPU
	EndGlobalSection
	GlobalSection(SolutionProperties) = preSolution
		HideSolutionNode = FALSE
	EndGlobalSection
	GlobalSection(ExtensibilityGlobals) = postSolution
		SolutionGuid = {C84D5366-B6CC-429F-A300-22FB43B698B3}
	EndGlobalSection
EndGlobal
